// !$*UTF8*$!
{
	archiveVersion = 1;
	classes = {
	};
	objectVersion = 56;
	objects = {

/* Begin PBXBuildFile section */
		0001C9FC2B79F95B00607088 /* APIManager.swift in Sources */ = {isa = PBXBuildFile; fileRef = 0001C9FB2B79F95B00607088 /* APIManager.swift */; };
		0001C9FF2B79F9EC00607088 /* Alamofire in Frameworks */ = {isa = PBXBuildFile; productRef = 0001C9FE2B79F9EC00607088 /* Alamofire */; };
		0001CA032B7A022300607088 /* FeedAdapter.swift in Sources */ = {isa = PBXBuildFile; fileRef = 0001CA022B7A022300607088 /* FeedAdapter.swift */; };
		0001CA052B7A15D800607088 /* FeedViewModel.swift in Sources */ = {isa = PBXBuildFile; fileRef = 0001CA042B7A15D800607088 /* FeedViewModel.swift */; };
		0001CA072B7A175200607088 /* ErrorView.swift in Sources */ = {isa = PBXBuildFile; fileRef = 0001CA062B7A175200607088 /* ErrorView.swift */; };
		005C99E92B78DCC200499C93 /* MovieDemoApp.swift in Sources */ = {isa = PBXBuildFile; fileRef = 005C99E82B78DCC200499C93 /* MovieDemoApp.swift */; };
		005C99EB2B78DCC200499C93 /* ContentView.swift in Sources */ = {isa = PBXBuildFile; fileRef = 005C99EA2B78DCC200499C93 /* ContentView.swift */; };
		005C99ED2B78DCC300499C93 /* Assets.xcassets in Resources */ = {isa = PBXBuildFile; fileRef = 005C99EC2B78DCC300499C93 /* Assets.xcassets */; };
		005C99F02B78DCC300499C93 /* Preview Assets.xcassets in Resources */ = {isa = PBXBuildFile; fileRef = 005C99EF2B78DCC300499C93 /* Preview Assets.xcassets */; };
		005C99FA2B78EA6600499C93 /* Feed.swift in Sources */ = {isa = PBXBuildFile; fileRef = 005C99F92B78EA6600499C93 /* Feed.swift */; };
		005C99FC2B78EB0400499C93 /* FeedView.swift in Sources */ = {isa = PBXBuildFile; fileRef = 005C99FB2B78EB0400499C93 /* FeedView.swift */; };
		005C99FE2B78EEFA00499C93 /* FeedDetailView.swift in Sources */ = {isa = PBXBuildFile; fileRef = 005C99FD2B78EEFA00499C93 /* FeedDetailView.swift */; };
		00F9CEC82B7B79F400DE2C9E /* AVPlayerViewControllerContainer.swift in Sources */ = {isa = PBXBuildFile; fileRef = 00F9CEC72B7B79F400DE2C9E /* AVPlayerViewControllerContainer.swift */; };
/* End PBXBuildFile section */

/* Begin PBXFileReference section */
		0001C9FB2B79F95B00607088 /* APIManager.swift */ = {isa = PBXFileReference; lastKnownFileType = sourcecode.swift; path = APIManager.swift; sourceTree = "<group>"; };
		0001CA022B7A022300607088 /* FeedAdapter.swift */ = {isa = PBXFileReference; lastKnownFileType = sourcecode.swift; path = FeedAdapter.swift; sourceTree = "<group>"; };
		0001CA042B7A15D800607088 /* FeedViewModel.swift */ = {isa = PBXFileReference; lastKnownFileType = sourcecode.swift; path = FeedViewModel.swift; sourceTree = "<group>"; };
		0001CA062B7A175200607088 /* ErrorView.swift */ = {isa = PBXFileReference; lastKnownFileType = sourcecode.swift; path = ErrorView.swift; sourceTree = "<group>"; };
		005C99E52B78DCC200499C93 /* MovieDemo.app */ = {isa = PBXFileReference; explicitFileType = wrapper.application; includeInIndex = 0; path = MovieDemo.app; sourceTree = BUILT_PRODUCTS_DIR; };
		005C99E82B78DCC200499C93 /* MovieDemoApp.swift */ = {isa = PBXFileReference; lastKnownFileType = sourcecode.swift; path = MovieDemoApp.swift; sourceTree = "<group>"; };
		005C99EA2B78DCC200499C93 /* ContentView.swift */ = {isa = PBXFileReference; lastKnownFileType = sourcecode.swift; path = ContentView.swift; sourceTree = "<group>"; };
		005C99EC2B78DCC300499C93 /* Assets.xcassets */ = {isa = PBXFileReference; lastKnownFileType = folder.assetcatalog; path = Assets.xcassets; sourceTree = "<group>"; };
		005C99EF2B78DCC300499C93 /* Preview Assets.xcassets */ = {isa = PBXFileReference; lastKnownFileType = folder.assetcatalog; path = "Preview Assets.xcassets"; sourceTree = "<group>"; };
		005C99F92B78EA6600499C93 /* Feed.swift */ = {isa = PBXFileReference; lastKnownFileType = sourcecode.swift; path = Feed.swift; sourceTree = "<group>"; };
		005C99FB2B78EB0400499C93 /* FeedView.swift */ = {isa = PBXFileReference; lastKnownFileType = sourcecode.swift; path = FeedView.swift; sourceTree = "<group>"; };
		005C99FD2B78EEFA00499C93 /* FeedDetailView.swift */ = {isa = PBXFileReference; lastKnownFileType = sourcecode.swift; path = FeedDetailView.swift; sourceTree = "<group>"; };
		00F9CEC42B7B6EEE00DE2C9E /* Info.plist */ = {isa = PBXFileReference; lastKnownFileType = text.plist; path = Info.plist; sourceTree = "<group>"; };
		00F9CEC72B7B79F400DE2C9E /* AVPlayerViewControllerContainer.swift */ = {isa = PBXFileReference; lastKnownFileType = sourcecode.swift; path = AVPlayerViewControllerContainer.swift; sourceTree = "<group>"; };
/* End PBXFileReference section */

/* Begin PBXFrameworksBuildPhase section */
		005C99E22B78DCC200499C93 /* Frameworks */ = {
			isa = PBXFrameworksBuildPhase;
			buildActionMask = 2147483647;
			files = (
				0001C9FF2B79F9EC00607088 /* Alamofire in Frameworks */,
			);
			runOnlyForDeploymentPostprocessing = 0;
		};
/* End PBXFrameworksBuildPhase section */

/* Begin PBXGroup section */
		0001CA002B7A01EA00607088 /* Adapters */ = {
			isa = PBXGroup;
			children = (
				0001CA022B7A022300607088 /* FeedAdapter.swift */,
			);
			path = Adapters;
			sourceTree = "<group>";
		};
		0001CA012B7A020000607088 /* Classes */ = {
			isa = PBXGroup;
			children = (
				0001C9FB2B79F95B00607088 /* APIManager.swift */,
				0001CA002B7A01EA00607088 /* Adapters */,
				0001CA042B7A15D800607088 /* FeedViewModel.swift */,
			);
			path = Classes;
			sourceTree = "<group>";
		};
		005C99DC2B78DCC200499C93 = {
			isa = PBXGroup;
			children = (
				005C99E72B78DCC200499C93 /* MovieDemo */,
				005C99E62B78DCC200499C93 /* Products */,
			);
			sourceTree = "<group>";
		};
		005C99E62B78DCC200499C93 /* Products */ = {
			isa = PBXGroup;
			children = (
				005C99E52B78DCC200499C93 /* MovieDemo.app */,
			);
			name = Products;
			sourceTree = "<group>";
		};
		005C99E72B78DCC200499C93 /* MovieDemo */ = {
			isa = PBXGroup;
			children = (
				00F9CEC42B7B6EEE00DE2C9E /* Info.plist */,
				005C99E82B78DCC200499C93 /* MovieDemoApp.swift */,
				0001CA012B7A020000607088 /* Classes */,
				005C99F82B78EA5100499C93 /* Model */,
				00F9CEC92B7B7B1700DE2C9E /* Views */,
				005C99EC2B78DCC300499C93 /* Assets.xcassets */,
				005C99EE2B78DCC300499C93 /* Preview Content */,
			);
			path = MovieDemo;
			sourceTree = "<group>";
		};
		005C99EE2B78DCC300499C93 /* Preview Content */ = {
			isa = PBXGroup;
			children = (
				005C99EF2B78DCC300499C93 /* Preview Assets.xcassets */,
			);
			path = "Preview Content";
			sourceTree = "<group>";
		};
		005C99F82B78EA5100499C93 /* Model */ = {
			isa = PBXGroup;
			children = (
				005C99F92B78EA6600499C93 /* Feed.swift */,
			);
			path = Model;
			sourceTree = "<group>";
		};
		00F9CEC92B7B7B1700DE2C9E /* Views */ = {
			isa = PBXGroup;
			children = (
				005C99EA2B78DCC200499C93 /* ContentView.swift */,
				005C99FB2B78EB0400499C93 /* FeedView.swift */,
				005C99FD2B78EEFA00499C93 /* FeedDetailView.swift */,
				0001CA062B7A175200607088 /* ErrorView.swift */,
				00F9CEC72B7B79F400DE2C9E /* AVPlayerViewControllerContainer.swift */,
			);
			path = Views;
			sourceTree = "<group>";
		};
/* End PBXGroup section */

/* Begin PBXNativeTarget section */
		005C99E42B78DCC200499C93 /* MovieDemo */ = {
			isa = PBXNativeTarget;
			buildConfigurationList = 005C99F32B78DCC300499C93 /* Build configuration list for PBXNativeTarget "MovieDemo" */;
			buildPhases = (
				005C99E12B78DCC200499C93 /* Sources */,
				005C99E22B78DCC200499C93 /* Frameworks */,
				005C99E32B78DCC200499C93 /* Resources */,
			);
			buildRules = (
			);
			dependencies = (
			);
			name = MovieDemo;
			packageProductDependencies = (
				0001C9FE2B79F9EC00607088 /* Alamofire */,
			);
			productName = MovieDemo;
			productReference = 005C99E52B78DCC200499C93 /* MovieDemo.app */;
			productType = "com.apple.product-type.application";
		};
/* End PBXNativeTarget section */

/* Begin PBXProject section */
		005C99DD2B78DCC200499C93 /* Project object */ = {
			isa = PBXProject;
			attributes = {
				BuildIndependentTargetsInParallel = 1;
				LastSwiftUpdateCheck = 1520;
				LastUpgradeCheck = 1520;
				TargetAttributes = {
					005C99E42B78DCC200499C93 = {
						CreatedOnToolsVersion = 15.2;
					};
				};
			};
			buildConfigurationList = 005C99E02B78DCC200499C93 /* Build configuration list for PBXProject "MovieDemo" */;
			compatibilityVersion = "Xcode 14.0";
			developmentRegion = en;
			hasScannedForEncodings = 0;
			knownRegions = (
				en,
				Base,
			);
			mainGroup = 005C99DC2B78DCC200499C93;
			packageReferences = (
				0001C9FD2B79F9EC00607088 /* XCRemoteSwiftPackageReference "Alamofire" */,
			);
			productRefGroup = 005C99E62B78DCC200499C93 /* Products */;
			projectDirPath = "";
			projectRoot = "";
			targets = (
				005C99E42B78DCC200499C93 /* MovieDemo */,
			);
		};
/* End PBXProject section */

/* Begin PBXResourcesBuildPhase section */
		005C99E32B78DCC200499C93 /* Resources */ = {
			isa = PBXResourcesBuildPhase;
			buildActionMask = 2147483647;
			files = (
				005C99F02B78DCC300499C93 /* Preview Assets.xcassets in Resources */,
				005C99ED2B78DCC300499C93 /* Assets.xcassets in Resources */,
			);
			runOnlyForDeploymentPostprocessing = 0;
		};
/* End PBXResourcesBuildPhase section */

/* Begin PBXSourcesBuildPhase section */
		005C99E12B78DCC200499C93 /* Sources */ = {
			isa = PBXSourcesBuildPhase;
			buildActionMask = 2147483647;
			files = (
				00F9CEC82B7B79F400DE2C9E /* AVPlayerViewControllerContainer.swift in Sources */,
				0001C9FC2B79F95B00607088 /* APIManager.swift in Sources */,
				005C99FC2B78EB0400499C93 /* FeedView.swift in Sources */,
				005C99EB2B78DCC200499C93 /* ContentView.swift in Sources */,
				0001CA032B7A022300607088 /* FeedAdapter.swift in Sources */,
				005C99FA2B78EA6600499C93 /* Feed.swift in Sources */,
				005C99FE2B78EEFA00499C93 /* FeedDetailView.swift in Sources */,
				0001CA052B7A15D800607088 /* FeedViewModel.swift in Sources */,
				0001CA072B7A175200607088 /* ErrorView.swift in Sources */,
				005C99E92B78DCC200499C93 /* MovieDemoApp.swift in Sources */,
			);
			runOnlyForDeploymentPostprocessing = 0;
		};
/* End PBXSourcesBuildPhase section */

/* Begin XCBuildConfiguration section */
		005C99F12B78DCC300499C93 /* Debug */ = {
			isa = XCBuildConfiguration;
			buildSettings = {
				ALWAYS_SEARCH_USER_PATHS = NO;
				ASSETCATALOG_COMPILER_GENERATE_SWIFT_ASSET_SYMBOL_EXTENSIONS = YES;
				CLANG_ANALYZER_NONNULL = YES;
				CLANG_ANALYZER_NUMBER_OBJECT_CONVERSION = YES_AGGRESSIVE;
				CLANG_CXX_LANGUAGE_STANDARD = "gnu++20";
				CLANG_ENABLE_MODULES = YES;
				CLANG_ENABLE_OBJC_ARC = YES;
				CLANG_ENABLE_OBJC_WEAK = YES;
				CLANG_WARN_BLOCK_CAPTURE_AUTORELEASING = YES;
				CLANG_WARN_BOOL_CONVERSION = YES;
				CLANG_WARN_COMMA = YES;
				CLANG_WARN_CONSTANT_CONVERSION = YES;
				CLANG_WARN_DEPRECATED_OBJC_IMPLEMENTATIONS = YES;
				CLANG_WARN_DIRECT_OBJC_ISA_USAGE = YES_ERROR;
				CLANG_WARN_DOCUMENTATION_COMMENTS = YES;
				CLANG_WARN_EMPTY_BODY = YES;
				CLANG_WARN_ENUM_CONVERSION = YES;
				CLANG_WARN_INFINITE_RECURSION = YES;
				CLANG_WARN_INT_CONVERSION = YES;
				CLANG_WARN_NON_LITERAL_NULL_CONVERSION = YES;
				CLANG_WARN_OBJC_IMPLICIT_RETAIN_SELF = YES;
				CLANG_WARN_OBJC_LITERAL_CONVERSION = YES;
				CLANG_WARN_OBJC_ROOT_CLASS = YES_ERROR;
				CLANG_WARN_QUOTED_INCLUDE_IN_FRAMEWORK_HEADER = YES;
				CLANG_WARN_RANGE_LOOP_ANALYSIS = YES;
				CLANG_WARN_STRICT_PROTOTYPES = YES;
				CLANG_WARN_SUSPICIOUS_MOVE = YES;
				CLANG_WARN_UNGUARDED_AVAILABILITY = YES_AGGRESSIVE;
				CLANG_WARN_UNREACHABLE_CODE = YES;
				CLANG_WARN__DUPLICATE_METHOD_MATCH = YES;
				COPY_PHASE_STRIP = NO;
				DEBUG_INFORMATION_FORMAT = dwarf;
				ENABLE_STRICT_OBJC_MSGSEND = YES;
				ENABLE_TESTABILITY = YES;
				ENABLE_USER_SCRIPT_SANDBOXING = YES;
				GCC_C_LANGUAGE_STANDARD = gnu17;
				GCC_DYNAMIC_NO_PIC = NO;
				GCC_NO_COMMON_BLOCKS = YES;
				GCC_OPTIMIZATION_LEVEL = 0;
				GCC_PREPROCESSOR_DEFINITIONS = (
					"DEBUG=1",
					"$(inherited)",
				);
				GCC_WARN_64_TO_32_BIT_CONVERSION = YES;
				GCC_WARN_ABOUT_RETURN_TYPE = YES_ERROR;
				GCC_WARN_UNDECLARED_SELECTOR = YES;
				GCC_WARN_UNINITIALIZED_AUTOS = YES_AGGRESSIVE;
				GCC_WARN_UNUSED_FUNCTION = YES;
				GCC_WARN_UNUSED_VARIABLE = YES;
				IPHONEOS_DEPLOYMENT_TARGET = 17.2;
				LOCALIZATION_PREFERS_STRING_CATALOGS = YES;
				MTL_ENABLE_DEBUG_INFO = INCLUDE_SOURCE;
				MTL_FAST_MATH = YES;
				ONLY_ACTIVE_ARCH = YES;
				SDKROOT = iphoneos;
				SWIFT_ACTIVE_COMPILATION_CONDITIONS = "DEBUG $(inherited)";
				SWIFT_OPTIMIZATION_LEVEL = "-Onone";
			};
			name = Debug;
		};
		005C99F22B78DCC300499C93 /* Release */ = {
			isa = XCBuildConfiguration;
			buildSettings = {
				ALWAYS_SEARCH_USER_PATHS = NO;
				ASSETCATALOG_COMPILER_GENERATE_SWIFT_ASSET_SYMBOL_EXTENSIONS = YES;
				CLANG_ANALYZER_NONNULL = YES;
				CLANG_ANALYZER_NUMBER_OBJECT_CONVERSION = YES_AGGRESSIVE;
				CLANG_CXX_LANGUAGE_STANDARD = "gnu++20";
				CLANG_ENABLE_MODULES = YES;
				CLANG_ENABLE_OBJC_ARC = YES;
				CLANG_ENABLE_OBJC_WEAK = YES;
				CLANG_WARN_BLOCK_CAPTURE_AUTORELEASING = YES;
				CLANG_WARN_BOOL_CONVERSION = YES;
				CLANG_WARN_COMMA = YES;
				CLANG_WARN_CONSTANT_CONVERSION = YES;
				CLANG_WARN_DEPRECATED_OBJC_IMPLEMENTATIONS = YES;
				CLANG_WARN_DIRECT_OBJC_ISA_USAGE = YES_ERROR;
				CLANG_WARN_DOCUMENTATION_COMMENTS = YES;
				CLANG_WARN_EMPTY_BODY = YES;
				CLANG_WARN_ENUM_CONVERSION = YES;
				CLANG_WARN_INFINITE_RECURSION = YES;
				CLANG_WARN_INT_CONVERSION = YES;
				CLANG_WARN_NON_LITERAL_NULL_CONVERSION = YES;
				CLANG_WARN_OBJC_IMPLICIT_RETAIN_SELF = YES;
				CLANG_WARN_OBJC_LITERAL_CONVERSION = YES;
				CLANG_WARN_OBJC_ROOT_CLASS = YES_ERROR;
				CLANG_WARN_QUOTED_INCLUDE_IN_FRAMEWORK_HEADER = YES;
				CLANG_WARN_RANGE_LOOP_ANALYSIS = YES;
				CLANG_WARN_STRICT_PROTOTYPES = YES;
				CLANG_WARN_SUSPICIOUS_MOVE = YES;
				CLANG_WARN_UNGUARDED_AVAILABILITY = YES_AGGRESSIVE;
				CLANG_WARN_UNREACHABLE_CODE = YES;
				CLANG_WARN__DUPLICATE_METHOD_MATCH = YES;
				COPY_PHASE_STRIP = NO;
				DEBUG_INFORMATION_FORMAT = "dwarf-with-dsym";
				ENABLE_NS_ASSERTIONS = NO;
				ENABLE_STRICT_OBJC_MSGSEND = YES;
				ENABLE_USER_SCRIPT_SANDBOXING = YES;
				GCC_C_LANGUAGE_STANDARD = gnu17;
				GCC_NO_COMMON_BLOCKS = YES;
				GCC_WARN_64_TO_32_BIT_CONVERSION = YES;
				GCC_WARN_ABOUT_RETURN_TYPE = YES_ERROR;
				GCC_WARN_UNDECLARED_SELECTOR = YES;
				GCC_WARN_UNINITIALIZED_AUTOS = YES_AGGRESSIVE;
				GCC_WARN_UNUSED_FUNCTION = YES;
				GCC_WARN_UNUSED_VARIABLE = YES;
				IPHONEOS_DEPLOYMENT_TARGET = 17.2;
				LOCALIZATION_PREFERS_STRING_CATALOGS = YES;
				MTL_ENABLE_DEBUG_INFO = NO;
				MTL_FAST_MATH = YES;
				SDKROOT = iphoneos;
				SWIFT_COMPILATION_MODE = wholemodule;
				VALIDATE_PRODUCT = YES;
			};
			name = Release;
		};
		005C99F42B78DCC300499C93 /* Debug */ = {
			isa = XCBuildConfiguration;
			buildSettings = {
				ASSETCATALOG_COMPILER_APPICON_NAME = AppIcon;
				ASSETCATALOG_COMPILER_GLOBAL_ACCENT_COLOR_NAME = AccentColor;
				CODE_SIGN_STYLE = Automatic;
				CURRENT_PROJECT_VERSION = 1;
				DEVELOPMENT_ASSET_PATHS = "\"MovieDemo/Preview Content\"";
				ENABLE_PREVIEWS = YES;
				GENERATE_INFOPLIST_FILE = YES;
				INFOPLIST_FILE = MovieDemo/Info.plist;
				INFOPLIST_KEY_UIApplicationSceneManifest_Generation = YES;
				INFOPLIST_KEY_UIApplicationSupportsIndirectInputEvents = YES;
				INFOPLIST_KEY_UILaunchScreen_Generation = YES;
				INFOPLIST_KEY_UISupportedInterfaceOrientations = UIInterfaceOrientationPortrait;
				INFOPLIST_KEY_UISupportedInterfaceOrientations_iPad = "UIInterfaceOrientationLandscapeRight UIInterfaceOrientationPortrait";
				LD_RUNPATH_SEARCH_PATHS = (
					"$(inherited)",
					"@executable_path/Frameworks",
				);
				MARKETING_VERSION = 1.0;
				PRODUCT_BUNDLE_IDENTIFIER = com.app.MovieDemo;
				PRODUCT_NAME = "$(TARGET_NAME)";
				SWIFT_EMIT_LOC_STRINGS = YES;
				SWIFT_VERSION = 5.0;
				TARGETED_DEVICE_FAMILY = "1,2";
			};
			name = Debug;
		};
		005C99F52B78DCC300499C93 /* Release */ = {
			isa = XCBuildConfiguration;
			buildSettings = {
				ASSETCATALOG_COMPILER_APPICON_NAME = AppIcon;
				ASSETCATALOG_COMPILER_GLOBAL_ACCENT_COLOR_NAME = AccentColor;
				CODE_SIGN_STYLE = Automatic;
				CURRENT_PROJECT_VERSION = 1;
				DEVELOPMENT_ASSET_PATHS = "\"MovieDemo/Preview Content\"";
				ENABLE_PREVIEWS = YES;
				GENERATE_INFOPLIST_FILE = YES;
				INFOPLIST_FILE = MovieDemo/Info.plist;
				INFOPLIST_KEY_UIApplicationSceneManifest_Generation = YES;
				INFOPLIST_KEY_UIApplicationSupportsIndirectInputEvents = YES;
				INFOPLIST_KEY_UILaunchScreen_Generation = YES;
				INFOPLIST_KEY_UISupportedInterfaceOrientations = UIInterfaceOrientationPortrait;
				INFOPLIST_KEY_UISupportedInterfaceOrientations_iPad = "UIInterfaceOrientationLandscapeRight UIInterfaceOrientationPortrait";
				LD_RUNPATH_SEARCH_PATHS = (
					"$(inherited)",
					"@executable_path/Frameworks",
				);
				MARKETING_VERSION = 1.0;
				PRODUCT_BUNDLE_IDENTIFIER = com.app.MovieDemo;
				PRODUCT_NAME = "$(TARGET_NAME)";
				SWIFT_EMIT_LOC_STRINGS = YES;
				SWIFT_VERSION = 5.0;
				TARGETED_DEVICE_FAMILY = "1,2";
			};
			name = Release;
		};
/* End XCBuildConfiguration section */

/* Begin XCConfigurationList section */
		005C99E02B78DCC200499C93 /* Build configuration list for PBXProject "MovieDemo" */ = {
			isa = XCConfigurationList;
			buildConfigurations = (
				005C99F12B78DCC300499C93 /* Debug */,
				005C99F22B78DCC300499C93 /* Release */,
			);
			defaultConfigurationIsVisible = 0;
			defaultConfigurationName = Release;
		};
		005C99F32B78DCC300499C93 /* Build configuration list for PBXNativeTarget "MovieDemo" */ = {
			isa = XCConfigurationList;
			buildConfigurations = (
				005C99F42B78DCC300499C93 /* Debug */,
				005C99F52B78DCC300499C93 /* Release */,
			);
			defaultConfigurationIsVisible = 0;
			defaultConfigurationName = Release;
		};
/* End XCConfigurationList section */

/* Begin XCRemoteSwiftPackageReference section */
		0001C9FD2B79F9EC00607088 /* XCRemoteSwiftPackageReference "Alamofire" */ = {
			isa = XCRemoteSwiftPackageReference;
			repositoryURL = "https://github.com/Alamofire/Alamofire.git";
			requirement = {
				kind = upToNextMajorVersion;
				minimumVersion = 5.8.1;
			};
		};
/* End XCRemoteSwiftPackageReference section */

/* Begin XCSwiftPackageProductDependency section */
		0001C9FE2B79F9EC00607088 /* Alamofire */ = {
			isa = XCSwiftPackageProductDependency;
			package = 0001C9FD2B79F9EC00607088 /* XCRemoteSwiftPackageReference "Alamofire" */;
			productName = Alamofire;
		};
/* End XCSwiftPackageProductDependency section */
	};
	rootObject = 005C99DD2B78DCC200499C93 /* Project object */;
}
